
Microsoft Visual Studio Solution File, Format Version 12.00
# Visual Studio Version 17
VisualStudioVersion = 17.0.31903.59
MinimumVisualStudioVersion = 10.0.40219.1
Project("{FAE04EC0-301F-11D3-BF4B-00C04F79EFBC}") = "PuzzleSolution", "PuzzleSolution\PuzzleSolution.csproj", "{D07805FF-EFE1-4581-99B0-5EF3A244E0CF}"
EndProject
Project("{FAE04EC0-301F-11D3-BF4B-00C04F79EFBC}") = "SolutionRunner", "SolutionRunner\SolutionRunner.csproj", "{8C7EC7B9-0A1E-45C4-93EC-0F66AD62CA99}"
EndProject
Global
	GlobalSection(SolutionConfigurationPlatforms) = preSolution
		Debug|Any CPU = Debug|Any CPU
		Release|Any CPU = Release|Any CPU
	EndGlobalSection
	GlobalSection(SolutionProperties) = preSolution
		HideSolutionNode = FALSE
	EndGlobalSection
	GlobalSection(ProjectConfigurationPlatforms) = postSolution
		{D07805FF-EFE1-4581-99B0-5EF3A244E0CF}.Debug|Any CPU.ActiveCfg = Debug|Any CPU
		{D07805FF-EFE1-4581-99B0-5EF3A244E0CF}.Debug|Any CPU.Build.0 = Debug|Any CPU
		{D07805FF-EFE1-4581-99B0-5EF3A244E0CF}.Release|Any CPU.ActiveCfg = Release|Any CPU
		{D07805FF-EFE1-4581-99B0-5EF3A244E0CF}.Release|Any CPU.Build.0 = Release|Any CPU
		{8C7EC7B9-0A1E-45C4-93EC-0F66AD62CA99}.Debug|Any CPU.ActiveCfg = Debug|Any CPU
		{8C7EC7B9-0A1E-45C4-93EC-0F66AD62CA99}.Debug|Any CPU.Build.0 = Debug|Any CPU
		{8C7EC7B9-0A1E-45C4-93EC-0F66AD62CA99}.Release|Any CPU.ActiveCfg = Release|Any CPU
		{8C7EC7B9-0A1E-45C4-93EC-0F66AD62CA99}.Release|Any CPU.Build.0 = Release|Any CPU
	EndGlobalSection
EndGlobal
